
Microsoft Visual Studio Solution File, Format Version 12.00
# Visual Studio Version 17
VisualStudioVersion = 17.12.35707.178
MinimumVisualStudioVersion = 10.0.40219.1
Project("{9A19103F-16F7-4668-BE54-9A1E7A4F7556}") = "SWS.Core", "SWS.Core\SWS.Core.csproj", "{E3976500-D19A-4658-B0EB-7090AFC78BB0}"
EndProject
Project("{FAE04EC0-301F-11D3-BF4B-00C04F79EFBC}") = "TestDemo", "D:\vs_files\TestDemo\TestDemo.csproj", "{81C5AEE1-7DAB-4C02-906B-7080C98D3549}"
EndProject
Global
	GlobalSection(SolutionConfigurationPlatforms) = preSolution
		Debug|Any CPU = Debug|Any CPU
		Release|Any CPU = Release|Any CPU
	EndGlobalSection
	GlobalSection(ProjectConfigurationPlatforms) = postSolution
		{E3976500-D19A-4658-B0EB-7090AFC78BB0}.Debug|Any CPU.ActiveCfg = Debug|Any CPU
		{E3976500-D19A-4658-B0EB-7090AFC78BB0}.Debug|Any CPU.Build.0 = Debug|Any CPU
		{E3976500-D19A-4658-B0EB-7090AFC78BB0}.Release|Any CPU.ActiveCfg = Release|Any CPU
		{E3976500-D19A-4658-B0EB-7090AFC78BB0}.Release|Any CPU.Build.0 = Release|Any CPU
		{81C5AEE1-7DAB-4C02-906B-7080C98D3549}.Debug|Any CPU.ActiveCfg = Debug|Any CPU
		{81C5AEE1-7DAB-4C02-906B-7080C98D3549}.Debug|Any CPU.Build.0 = Debug|Any CPU
		{81C5AEE1-7DAB-4C02-906B-7080C98D3549}.Release|Any CPU.ActiveCfg = Release|Any CPU
		{81C5AEE1-7DAB-4C02-906B-7080C98D3549}.Release|Any CPU.Build.0 = Release|Any CPU
	EndGlobalSection
	GlobalSection(SolutionProperties) = preSolution
		HideSolutionNode = FALSE
	EndGlobalSection
EndGlobal
